
Microsoft Visual Studio Solution File, Format Version 12.00
# Visual Studio Version 17
VisualStudioVersion = 17.3.32819.101
MinimumVisualStudioVersion = 10.0.40219.1
Project("{888888A0-9F3D-457C-B088-3A5042F75D52}") = "NFL 2k23 Draft Class Generator", "NFL 2k23 Draft Class Generator.pyproj", "{9473CABF-35E0-46F2-96DA-6568D69DAA72}"
EndProject
Global
	GlobalSection(SolutionConfigurationPlatforms) = preSolution
		Debug|Any CPU = Debug|Any CPU
		Release|Any CPU = Release|Any CPU
	EndGlobalSection
	GlobalSection(ProjectConfigurationPlatforms) = postSolution
		{9473CABF-35E0-46F2-96DA-6568D69DAA72}.Debug|Any CPU.ActiveCfg = Debug|Any CPU
		{9473CABF-35E0-46F2-96DA-6568D69DAA72}.Release|Any CPU.ActiveCfg = Release|Any CPU
	EndGlobalSection
	GlobalSection(SolutionProperties) = preSolution
		HideSolutionNode = FALSE
	EndGlobalSection
	GlobalSection(ExtensibilityGlobals) = postSolution
		SolutionGuid = {36A6C459-98C5-405C-8C9C-DC191F45A8AC}
	EndGlobalSection
EndGlobal
